
Microsoft Visual Studio Solution File, Format Version 12.00
# Visual Studio Version 16
VisualStudioVersion = 16.0.31702.278
MinimumVisualStudioVersion = 10.0.40219.1
Project("{FAE04EC0-301F-11D3-BF4B-00C04F79EFBC}") = "DictionaryMerge", "DictionaryMerge\DictionaryMerge.csproj", "{21C80903-5288-45D7-BC3D-87C39B5B963B}"
EndProject
Global
	GlobalSection(SolutionConfigurationPlatforms) = preSolution
		Debug|Any CPU = Debug|Any CPU
		Release|Any CPU = Release|Any CPU
	EndGlobalSection
	GlobalSection(ProjectConfigurationPlatforms) = postSolution
		{21C80903-5288-45D7-BC3D-87C39B5B963B}.Debug|Any CPU.ActiveCfg = Debug|Any CPU
		{21C80903-5288-45D7-BC3D-87C39B5B963B}.Debug|Any CPU.Build.0 = Debug|Any CPU
		{21C80903-5288-45D7-BC3D-87C39B5B963B}.Release|Any CPU.ActiveCfg = Release|Any CPU
		{21C80903-5288-45D7-BC3D-87C39B5B963B}.Release|Any CPU.Build.0 = Release|Any CPU
	EndGlobalSection
	GlobalSection(SolutionProperties) = preSolution
		HideSolutionNode = FALSE
	EndGlobalSection
	GlobalSection(ExtensibilityGlobals) = postSolution
		SolutionGuid = {08C5B895-CEC2-4184-8BD3-1D4EBEE7619A}
	EndGlobalSection
EndGlobal
